// !$*UTF8*$!
{
	archiveVersion = 1;
	classes = {
	};
	objectVersion = 55;
	objects = {

/* Begin PBXBuildFile section */
		2E161F6E2893895D0069D748 /* AppDelegate.swift in Sources */ = {isa = PBXBuildFile; fileRef = 2E161F6D2893895D0069D748 /* AppDelegate.swift */; };
		2E161F72289389600069D748 /* Assets.xcassets in Resources */ = {isa = PBXBuildFile; fileRef = 2E161F71289389600069D748 /* Assets.xcassets */; };
		2E161F75289389600069D748 /* Main.storyboard in Resources */ = {isa = PBXBuildFile; fileRef = 2E161F73289389600069D748 /* Main.storyboard */; };
		2E161F80289389600069D748 /* BeChattedTests.swift in Sources */ = {isa = PBXBuildFile; fileRef = 2E161F7F289389600069D748 /* BeChattedTests.swift */; };
		2E161F8A289389600069D748 /* BeChattedUITests.swift in Sources */ = {isa = PBXBuildFile; fileRef = 2E161F89289389600069D748 /* BeChattedUITests.swift */; };
		2E161F8C289389600069D748 /* BeChattedUITestsLaunchTests.swift in Sources */ = {isa = PBXBuildFile; fileRef = 2E161F8B289389600069D748 /* BeChattedUITestsLaunchTests.swift */; };
		2E67DDEA28AB4D19009775FC /* LoginViewController.swift in Sources */ = {isa = PBXBuildFile; fileRef = 2E67DDE928AB4D19009775FC /* LoginViewController.swift */; };
		2E67DDEC28AB4D3D009775FC /* LoginView.xib in Resources */ = {isa = PBXBuildFile; fileRef = 2E67DDEB28AB4D3D009775FC /* LoginView.xib */; };
		2E69E54128C9B4CB00B44A4E /* LoginUserResponse.swift in Sources */ = {isa = PBXBuildFile; fileRef = 2E69E54028C9B4CB00B44A4E /* LoginUserResponse.swift */; };
		2E79829D28A624A600F10D91 /* Constants.swift in Sources */ = {isa = PBXBuildFile; fileRef = 2E79829C28A624A600F10D91 /* Constants.swift */; };
		2E7982A028A6279F00F10D91 /* InteractionLockView.swift in Sources */ = {isa = PBXBuildFile; fileRef = 2E79829F28A6279F00F10D91 /* InteractionLockView.swift */; };
		2E889E5F28DEF9A200B2BCB2 /* AddChannelViewController.swift in Sources */ = {isa = PBXBuildFile; fileRef = 2E889E5E28DEF9A200B2BCB2 /* AddChannelViewController.swift */; };
		2E889E6128DEF9B300B2BCB2 /* AddChannelView.xib in Resources */ = {isa = PBXBuildFile; fileRef = 2E889E6028DEF9B300B2BCB2 /* AddChannelView.xib */; };
		2E8A6EE328CEFA5200AE0B51 /* FindUserByEmail.swift in Sources */ = {isa = PBXBuildFile; fileRef = 2E8A6EE228CEFA5200AE0B51 /* FindUserByEmail.swift */; };
		2E8A6EE728CEFD3B00AE0B51 /* CurrentUser.swift in Sources */ = {isa = PBXBuildFile; fileRef = 2E8A6EE628CEFD3B00AE0B51 /* CurrentUser.swift */; };
		2E8A6EE928CEFDCF00AE0B51 /* FindUserByEmailResponse.swift in Sources */ = {isa = PBXBuildFile; fileRef = 2E8A6EE828CEFDCF00AE0B51 /* FindUserByEmailResponse.swift */; };
		2E8A96E328DC1D52001845D4 /* SocketIO in Frameworks */ = {isa = PBXBuildFile; productRef = 2E8A96E228DC1D52001845D4 /* SocketIO */; };
		2E8A96E528DC1EF7001845D4 /* WebSocketService.swift in Sources */ = {isa = PBXBuildFile; fileRef = 2E8A96E428DC1EF7001845D4 /* WebSocketService.swift */; };
		2E8E52BF28C7138B00805941 /* LoginUser.swift in Sources */ = {isa = PBXBuildFile; fileRef = 2E8E52BE28C7138B00805941 /* LoginUser.swift */; };
		2E8E52C128C7165000805941 /* AddUser.swift in Sources */ = {isa = PBXBuildFile; fileRef = 2E8E52C028C7165000805941 /* AddUser.swift */; };
		2E9C5BFB28B4A27500F400E1 /* CreateAccountViewController.swift in Sources */ = {isa = PBXBuildFile; fileRef = 2E9C5BFA28B4A27500F400E1 /* CreateAccountViewController.swift */; };
		2E9C5BFD28B4A28D00F400E1 /* CreateAccountView.xib in Resources */ = {isa = PBXBuildFile; fileRef = 2E9C5BFC28B4A28D00F400E1 /* CreateAccountView.xib */; };
		2EA67D1728C1C5F100614269 /* AuthService.swift in Sources */ = {isa = PBXBuildFile; fileRef = 2EA67D1628C1C5F100614269 /* AuthService.swift */; };
		2EA67D1A28C1CA6A00614269 /* RegisterAccount.swift in Sources */ = {isa = PBXBuildFile; fileRef = 2EA67D1928C1CA6A00614269 /* RegisterAccount.swift */; };
		2EA7AE7D28D43E9400B8BC0F /* ProfileViewController.swift in Sources */ = {isa = PBXBuildFile; fileRef = 2EA7AE7C28D43E9400B8BC0F /* ProfileViewController.swift */; };
		2EA7AE7F28D43EA800B8BC0F /* ProfileView.xib in Resources */ = {isa = PBXBuildFile; fileRef = 2EA7AE7E28D43EA800B8BC0F /* ProfileView.xib */; };
		2ED59D5128938C42002D5493 /* ToolbarViewController.swift in Sources */ = {isa = PBXBuildFile; fileRef = 2ED59D5028938C41002D5493 /* ToolbarViewController.swift */; };
		2ED59D5328938C97002D5493 /* ChannelsViewController.swift in Sources */ = {isa = PBXBuildFile; fileRef = 2ED59D5228938C97002D5493 /* ChannelsViewController.swift */; };
		2ED59D5528938D06002D5493 /* ChatViewController.swift in Sources */ = {isa = PBXBuildFile; fileRef = 2ED59D5428938D06002D5493 /* ChatViewController.swift */; };
		2ED59D5728938D7F002D5493 /* MainWindowController.swift in Sources */ = {isa = PBXBuildFile; fileRef = 2ED59D5628938D7F002D5493 /* MainWindowController.swift */; };
/* End PBXBuildFile section */

/* Begin PBXContainerItemProxy section */
		2E161F7C289389600069D748 /* PBXContainerItemProxy */ = {
			isa = PBXContainerItemProxy;
			containerPortal = 2E161F622893895D0069D748 /* Project object */;
			proxyType = 1;
			remoteGlobalIDString = 2E161F692893895D0069D748;
			remoteInfo = BeChatted;
		};
		2E161F86289389600069D748 /* PBXContainerItemProxy */ = {
			isa = PBXContainerItemProxy;
			containerPortal = 2E161F622893895D0069D748 /* Project object */;
			proxyType = 1;
			remoteGlobalIDString = 2E161F692893895D0069D748;
			remoteInfo = BeChatted;
		};
/* End PBXContainerItemProxy section */

/* Begin PBXFileReference section */
		2E161F6A2893895D0069D748 /* BeChatted.app */ = {isa = PBXFileReference; explicitFileType = wrapper.application; includeInIndex = 0; path = BeChatted.app; sourceTree = BUILT_PRODUCTS_DIR; };
		2E161F6D2893895D0069D748 /* AppDelegate.swift */ = {isa = PBXFileReference; lastKnownFileType = sourcecode.swift; path = AppDelegate.swift; sourceTree = "<group>"; };
		2E161F71289389600069D748 /* Assets.xcassets */ = {isa = PBXFileReference; lastKnownFileType = folder.assetcatalog; path = Assets.xcassets; sourceTree = "<group>"; };
		2E161F74289389600069D748 /* Base */ = {isa = PBXFileReference; lastKnownFileType = file.storyboard; name = Base; path = Base.lproj/Main.storyboard; sourceTree = "<group>"; };
		2E161F76289389600069D748 /* BeChatted.entitlements */ = {isa = PBXFileReference; lastKnownFileType = text.plist.entitlements; path = BeChatted.entitlements; sourceTree = "<group>"; };
		2E161F7B289389600069D748 /* BeChattedTests.xctest */ = {isa = PBXFileReference; explicitFileType = wrapper.cfbundle; includeInIndex = 0; path = BeChattedTests.xctest; sourceTree = BUILT_PRODUCTS_DIR; };
		2E161F7F289389600069D748 /* BeChattedTests.swift */ = {isa = PBXFileReference; lastKnownFileType = sourcecode.swift; path = BeChattedTests.swift; sourceTree = "<group>"; };
		2E161F85289389600069D748 /* BeChattedUITests.xctest */ = {isa = PBXFileReference; explicitFileType = wrapper.cfbundle; includeInIndex = 0; path = BeChattedUITests.xctest; sourceTree = BUILT_PRODUCTS_DIR; };
		2E161F89289389600069D748 /* BeChattedUITests.swift */ = {isa = PBXFileReference; lastKnownFileType = sourcecode.swift; path = BeChattedUITests.swift; sourceTree = "<group>"; };
		2E161F8B289389600069D748 /* BeChattedUITestsLaunchTests.swift */ = {isa = PBXFileReference; lastKnownFileType = sourcecode.swift; path = BeChattedUITestsLaunchTests.swift; sourceTree = "<group>"; };
		2E67DDE928AB4D19009775FC /* LoginViewController.swift */ = {isa = PBXFileReference; lastKnownFileType = sourcecode.swift; path = LoginViewController.swift; sourceTree = "<group>"; };
		2E67DDEB28AB4D3D009775FC /* LoginView.xib */ = {isa = PBXFileReference; lastKnownFileType = file.xib; path = LoginView.xib; sourceTree = "<group>"; };
		2E69E54028C9B4CB00B44A4E /* LoginUserResponse.swift */ = {isa = PBXFileReference; lastKnownFileType = sourcecode.swift; path = LoginUserResponse.swift; sourceTree = "<group>"; };
		2E79829C28A624A600F10D91 /* Constants.swift */ = {isa = PBXFileReference; lastKnownFileType = sourcecode.swift; path = Constants.swift; sourceTree = "<group>"; };
		2E79829F28A6279F00F10D91 /* InteractionLockView.swift */ = {isa = PBXFileReference; lastKnownFileType = sourcecode.swift; path = InteractionLockView.swift; sourceTree = "<group>"; };
		2E889E5E28DEF9A200B2BCB2 /* AddChannelViewController.swift */ = {isa = PBXFileReference; lastKnownFileType = sourcecode.swift; path = AddChannelViewController.swift; sourceTree = "<group>"; };
		2E889E6028DEF9B300B2BCB2 /* AddChannelView.xib */ = {isa = PBXFileReference; lastKnownFileType = file.xib; path = AddChannelView.xib; sourceTree = "<group>"; };
		2E8A6EE228CEFA5200AE0B51 /* FindUserByEmail.swift */ = {isa = PBXFileReference; lastKnownFileType = sourcecode.swift; path = FindUserByEmail.swift; sourceTree = "<group>"; };
		2E8A6EE628CEFD3B00AE0B51 /* CurrentUser.swift */ = {isa = PBXFileReference; lastKnownFileType = sourcecode.swift; path = CurrentUser.swift; sourceTree = "<group>"; };
		2E8A6EE828CEFDCF00AE0B51 /* FindUserByEmailResponse.swift */ = {isa = PBXFileReference; lastKnownFileType = sourcecode.swift; path = FindUserByEmailResponse.swift; sourceTree = "<group>"; };
		2E8A96E428DC1EF7001845D4 /* WebSocketService.swift */ = {isa = PBXFileReference; lastKnownFileType = sourcecode.swift; path = WebSocketService.swift; sourceTree = "<group>"; };
		2E8E52BE28C7138B00805941 /* LoginUser.swift */ = {isa = PBXFileReference; lastKnownFileType = sourcecode.swift; path = LoginUser.swift; sourceTree = "<group>"; };
		2E8E52C028C7165000805941 /* AddUser.swift */ = {isa = PBXFileReference; lastKnownFileType = sourcecode.swift; path = AddUser.swift; sourceTree = "<group>"; };
		2E9C5BFA28B4A27500F400E1 /* CreateAccountViewController.swift */ = {isa = PBXFileReference; lastKnownFileType = sourcecode.swift; path = CreateAccountViewController.swift; sourceTree = "<group>"; };
		2E9C5BFC28B4A28D00F400E1 /* CreateAccountView.xib */ = {isa = PBXFileReference; lastKnownFileType = file.xib; path = CreateAccountView.xib; sourceTree = "<group>"; };
		2EA67D1628C1C5F100614269 /* AuthService.swift */ = {isa = PBXFileReference; lastKnownFileType = sourcecode.swift; path = AuthService.swift; sourceTree = "<group>"; };
		2EA67D1928C1CA6A00614269 /* RegisterAccount.swift */ = {isa = PBXFileReference; lastKnownFileType = sourcecode.swift; path = RegisterAccount.swift; sourceTree = "<group>"; };
		2EA7AE7C28D43E9400B8BC0F /* ProfileViewController.swift */ = {isa = PBXFileReference; lastKnownFileType = sourcecode.swift; path = ProfileViewController.swift; sourceTree = "<group>"; };
		2EA7AE7E28D43EA800B8BC0F /* ProfileView.xib */ = {isa = PBXFileReference; lastKnownFileType = file.xib; path = ProfileView.xib; sourceTree = "<group>"; };
		2ED59D5028938C41002D5493 /* ToolbarViewController.swift */ = {isa = PBXFileReference; lastKnownFileType = sourcecode.swift; path = ToolbarViewController.swift; sourceTree = "<group>"; };
		2ED59D5228938C97002D5493 /* ChannelsViewController.swift */ = {isa = PBXFileReference; lastKnownFileType = sourcecode.swift; path = ChannelsViewController.swift; sourceTree = "<group>"; };
		2ED59D5428938D06002D5493 /* ChatViewController.swift */ = {isa = PBXFileReference; lastKnownFileType = sourcecode.swift; path = ChatViewController.swift; sourceTree = "<group>"; };
		2ED59D5628938D7F002D5493 /* MainWindowController.swift */ = {isa = PBXFileReference; lastKnownFileType = sourcecode.swift; path = MainWindowController.swift; sourceTree = "<group>"; };
/* End PBXFileReference section */

/* Begin PBXFrameworksBuildPhase section */
		2E161F672893895D0069D748 /* Frameworks */ = {
			isa = PBXFrameworksBuildPhase;
			buildActionMask = 2147483647;
			files = (
				2E8A96E328DC1D52001845D4 /* SocketIO in Frameworks */,
			);
			runOnlyForDeploymentPostprocessing = 0;
		};
		2E161F78289389600069D748 /* Frameworks */ = {
			isa = PBXFrameworksBuildPhase;
			buildActionMask = 2147483647;
			files = (
			);
			runOnlyForDeploymentPostprocessing = 0;
		};
		2E161F82289389600069D748 /* Frameworks */ = {
			isa = PBXFrameworksBuildPhase;
			buildActionMask = 2147483647;
			files = (
			);
			runOnlyForDeploymentPostprocessing = 0;
		};
/* End PBXFrameworksBuildPhase section */

/* Begin PBXGroup section */
		2E161F612893895D0069D748 = {
			isa = PBXGroup;
			children = (
				2E161F6C2893895D0069D748 /* BeChatted */,
				2E161F7E289389600069D748 /* BeChattedTests */,
				2E161F88289389600069D748 /* BeChattedUITests */,
				2E161F6B2893895D0069D748 /* Products */,
			);
			sourceTree = "<group>";
		};
		2E161F6B2893895D0069D748 /* Products */ = {
			isa = PBXGroup;
			children = (
				2E161F6A2893895D0069D748 /* BeChatted.app */,
				2E161F7B289389600069D748 /* BeChattedTests.xctest */,
				2E161F85289389600069D748 /* BeChattedUITests.xctest */,
			);
			name = Products;
			sourceTree = "<group>";
		};
		2E161F6C2893895D0069D748 /* BeChatted */ = {
			isa = PBXGroup;
			children = (
				2E161F6D2893895D0069D748 /* AppDelegate.swift */,
				2ED59D5628938D7F002D5493 /* MainWindowController.swift */,
				2ED59D5028938C41002D5493 /* ToolbarViewController.swift */,
				2ED59D5228938C97002D5493 /* ChannelsViewController.swift */,
				2ED59D5428938D06002D5493 /* ChatViewController.swift */,
				2E161F71289389600069D748 /* Assets.xcassets */,
				2E161F73289389600069D748 /* Main.storyboard */,
				2E161F76289389600069D748 /* BeChatted.entitlements */,
				2E79829F28A6279F00F10D91 /* InteractionLockView.swift */,
				2E67DDE928AB4D19009775FC /* LoginViewController.swift */,
				2E67DDEB28AB4D3D009775FC /* LoginView.xib */,
				2E9C5BFA28B4A27500F400E1 /* CreateAccountViewController.swift */,
				2E9C5BFC28B4A28D00F400E1 /* CreateAccountView.xib */,
				2EA7AE7C28D43E9400B8BC0F /* ProfileViewController.swift */,
				2EA7AE7E28D43EA800B8BC0F /* ProfileView.xib */,
				2E889E5E28DEF9A200B2BCB2 /* AddChannelViewController.swift */,
				2E889E6028DEF9B300B2BCB2 /* AddChannelView.xib */,
				2EA67D1628C1C5F100614269 /* AuthService.swift */,
				2E8A96E428DC1EF7001845D4 /* WebSocketService.swift */,
				2EA67D1828C1CA5800614269 /* Models */,
				2E79829E28A6256300F10D91 /* Helpers */,
			);
			path = BeChatted;
			sourceTree = "<group>";
		};
		2E161F7E289389600069D748 /* BeChattedTests */ = {
			isa = PBXGroup;
			children = (
				2E161F7F289389600069D748 /* BeChattedTests.swift */,
			);
			path = BeChattedTests;
			sourceTree = "<group>";
		};
		2E161F88289389600069D748 /* BeChattedUITests */ = {
			isa = PBXGroup;
			children = (
				2E161F89289389600069D748 /* BeChattedUITests.swift */,
				2E161F8B289389600069D748 /* BeChattedUITestsLaunchTests.swift */,
			);
			path = BeChattedUITests;
			sourceTree = "<group>";
		};
		2E79829E28A6256300F10D91 /* Helpers */ = {
			isa = PBXGroup;
			children = (
				2E79829C28A624A600F10D91 /* Constants.swift */,
			);
			path = Helpers;
			sourceTree = "<group>";
		};
		2EA67D1828C1CA5800614269 /* Models */ = {
			isa = PBXGroup;
			children = (
				2EA67D1928C1CA6A00614269 /* RegisterAccount.swift */,
				2E8E52BE28C7138B00805941 /* LoginUser.swift */,
				2E8E52C028C7165000805941 /* AddUser.swift */,
				2E8A6EE228CEFA5200AE0B51 /* FindUserByEmail.swift */,
				2E69E54028C9B4CB00B44A4E /* LoginUserResponse.swift */,
				2E8A6EE828CEFDCF00AE0B51 /* FindUserByEmailResponse.swift */,
				2E8A6EE628CEFD3B00AE0B51 /* CurrentUser.swift */,
			);
			path = Models;
			sourceTree = "<group>";
		};
/* End PBXGroup section */

/* Begin PBXNativeTarget section */
		2E161F692893895D0069D748 /* BeChatted */ = {
			isa = PBXNativeTarget;
			buildConfigurationList = 2E161F8F289389600069D748 /* Build configuration list for PBXNativeTarget "BeChatted" */;
			buildPhases = (
				2E161F662893895D0069D748 /* Sources */,
				2E161F672893895D0069D748 /* Frameworks */,
				2E161F682893895D0069D748 /* Resources */,
			);
			buildRules = (
			);
			dependencies = (
			);
			name = BeChatted;
			packageProductDependencies = (
				2E8A96E228DC1D52001845D4 /* SocketIO */,
			);
			productName = BeChatted;
			productReference = 2E161F6A2893895D0069D748 /* BeChatted.app */;
			productType = "com.apple.product-type.application";
		};
		2E161F7A289389600069D748 /* BeChattedTests */ = {
			isa = PBXNativeTarget;
			buildConfigurationList = 2E161F92289389600069D748 /* Build configuration list for PBXNativeTarget "BeChattedTests" */;
			buildPhases = (
				2E161F77289389600069D748 /* Sources */,
				2E161F78289389600069D748 /* Frameworks */,
				2E161F79289389600069D748 /* Resources */,
			);
			buildRules = (
			);
			dependencies = (
				2E161F7D289389600069D748 /* PBXTargetDependency */,
			);
			name = BeChattedTests;
			productName = BeChattedTests;
			productReference = 2E161F7B289389600069D748 /* BeChattedTests.xctest */;
			productType = "com.apple.product-type.bundle.unit-test";
		};
		2E161F84289389600069D748 /* BeChattedUITests */ = {
			isa = PBXNativeTarget;
			buildConfigurationList = 2E161F95289389600069D748 /* Build configuration list for PBXNativeTarget "BeChattedUITests" */;
			buildPhases = (
				2E161F81289389600069D748 /* Sources */,
				2E161F82289389600069D748 /* Frameworks */,
				2E161F83289389600069D748 /* Resources */,
			);
			buildRules = (
			);
			dependencies = (
				2E161F87289389600069D748 /* PBXTargetDependency */,
			);
			name = BeChattedUITests;
			productName = BeChattedUITests;
			productReference = 2E161F85289389600069D748 /* BeChattedUITests.xctest */;
			productType = "com.apple.product-type.bundle.ui-testing";
		};
/* End PBXNativeTarget section */

/* Begin PBXProject section */
		2E161F622893895D0069D748 /* Project object */ = {
			isa = PBXProject;
			attributes = {
				BuildIndependentTargetsInParallel = 1;
				LastSwiftUpdateCheck = 1340;
				LastUpgradeCheck = 1340;
				TargetAttributes = {
					2E161F692893895D0069D748 = {
						CreatedOnToolsVersion = 13.4.1;
					};
					2E161F7A289389600069D748 = {
						CreatedOnToolsVersion = 13.4.1;
						TestTargetID = 2E161F692893895D0069D748;
					};
					2E161F84289389600069D748 = {
						CreatedOnToolsVersion = 13.4.1;
						TestTargetID = 2E161F692893895D0069D748;
					};
				};
			};
			buildConfigurationList = 2E161F652893895D0069D748 /* Build configuration list for PBXProject "BeChatted" */;
			compatibilityVersion = "Xcode 13.0";
			developmentRegion = en;
			hasScannedForEncodings = 0;
			knownRegions = (
				en,
				Base,
			);
			mainGroup = 2E161F612893895D0069D748;
			packageReferences = (
				2E8A96E128DC1D52001845D4 /* XCRemoteSwiftPackageReference "socket" */,
			);
			productRefGroup = 2E161F6B2893895D0069D748 /* Products */;
			projectDirPath = "";
			projectRoot = "";
			targets = (
				2E161F692893895D0069D748 /* BeChatted */,
				2E161F7A289389600069D748 /* BeChattedTests */,
				2E161F84289389600069D748 /* BeChattedUITests */,
			);
		};
/* End PBXProject section */

/* Begin PBXResourcesBuildPhase section */
		2E161F682893895D0069D748 /* Resources */ = {
			isa = PBXResourcesBuildPhase;
			buildActionMask = 2147483647;
			files = (
				2E161F72289389600069D748 /* Assets.xcassets in Resources */,
				2EA7AE7F28D43EA800B8BC0F /* ProfileView.xib in Resources */,
				2E161F75289389600069D748 /* Main.storyboard in Resources */,
				2E9C5BFD28B4A28D00F400E1 /* CreateAccountView.xib in Resources */,
				2E889E6128DEF9B300B2BCB2 /* AddChannelView.xib in Resources */,
				2E67DDEC28AB4D3D009775FC /* LoginView.xib in Resources */,
			);
			runOnlyForDeploymentPostprocessing = 0;
		};
		2E161F79289389600069D748 /* Resources */ = {
			isa = PBXResourcesBuildPhase;
			buildActionMask = 2147483647;
			files = (
			);
			runOnlyForDeploymentPostprocessing = 0;
		};
		2E161F83289389600069D748 /* Resources */ = {
			isa = PBXResourcesBuildPhase;
			buildActionMask = 2147483647;
			files = (
			);
			runOnlyForDeploymentPostprocessing = 0;
		};
/* End PBXResourcesBuildPhase section */

/* Begin PBXSourcesBuildPhase section */
		2E161F662893895D0069D748 /* Sources */ = {
			isa = PBXSourcesBuildPhase;
			buildActionMask = 2147483647;
			files = (
				2E7982A028A6279F00F10D91 /* InteractionLockView.swift in Sources */,
				2E69E54128C9B4CB00B44A4E /* LoginUserResponse.swift in Sources */,
				2ED59D5328938C97002D5493 /* ChannelsViewController.swift in Sources */,
				2E8A6EE928CEFDCF00AE0B51 /* FindUserByEmailResponse.swift in Sources */,
				2EA67D1A28C1CA6A00614269 /* RegisterAccount.swift in Sources */,
				2E8A96E528DC1EF7001845D4 /* WebSocketService.swift in Sources */,
				2ED59D5128938C42002D5493 /* ToolbarViewController.swift in Sources */,
				2EA7AE7D28D43E9400B8BC0F /* ProfileViewController.swift in Sources */,
				2ED59D5528938D06002D5493 /* ChatViewController.swift in Sources */,
				2E67DDEA28AB4D19009775FC /* LoginViewController.swift in Sources */,
				2E889E5F28DEF9A200B2BCB2 /* AddChannelViewController.swift in Sources */,
				2E8A6EE328CEFA5200AE0B51 /* FindUserByEmail.swift in Sources */,
				2E8E52BF28C7138B00805941 /* LoginUser.swift in Sources */,
				2E161F6E2893895D0069D748 /* AppDelegate.swift in Sources */,
				2E9C5BFB28B4A27500F400E1 /* CreateAccountViewController.swift in Sources */,
				2EA67D1728C1C5F100614269 /* AuthService.swift in Sources */,
				2ED59D5728938D7F002D5493 /* MainWindowController.swift in Sources */,
				2E8E52C128C7165000805941 /* AddUser.swift in Sources */,
				2E8A6EE728CEFD3B00AE0B51 /* CurrentUser.swift in Sources */,
				2E79829D28A624A600F10D91 /* Constants.swift in Sources */,
			);
			runOnlyForDeploymentPostprocessing = 0;
		};
		2E161F77289389600069D748 /* Sources */ = {
			isa = PBXSourcesBuildPhase;
			buildActionMask = 2147483647;
			files = (
				2E161F80289389600069D748 /* BeChattedTests.swift in Sources */,
			);
			runOnlyForDeploymentPostprocessing = 0;
		};
		2E161F81289389600069D748 /* Sources */ = {
			isa = PBXSourcesBuildPhase;
			buildActionMask = 2147483647;
			files = (
				2E161F8A289389600069D748 /* BeChattedUITests.swift in Sources */,
				2E161F8C289389600069D748 /* BeChattedUITestsLaunchTests.swift in Sources */,
			);
			runOnlyForDeploymentPostprocessing = 0;
		};
/* End PBXSourcesBuildPhase section */

/* Begin PBXTargetDependency section */
		2E161F7D289389600069D748 /* PBXTargetDependency */ = {
			isa = PBXTargetDependency;
			target = 2E161F692893895D0069D748 /* BeChatted */;
			targetProxy = 2E161F7C289389600069D748 /* PBXContainerItemProxy */;
		};
		2E161F87289389600069D748 /* PBXTargetDependency */ = {
			isa = PBXTargetDependency;
			target = 2E161F692893895D0069D748 /* BeChatted */;
			targetProxy = 2E161F86289389600069D748 /* PBXContainerItemProxy */;
		};
/* End PBXTargetDependency section */

/* Begin PBXVariantGroup section */
		2E161F73289389600069D748 /* Main.storyboard */ = {
			isa = PBXVariantGroup;
			children = (
				2E161F74289389600069D748 /* Base */,
			);
			name = Main.storyboard;
			sourceTree = "<group>";
		};
/* End PBXVariantGroup section */

/* Begin XCBuildConfiguration section */
		2E161F8D289389600069D748 /* Debug */ = {
			isa = XCBuildConfiguration;
			buildSettings = {
				ALWAYS_SEARCH_USER_PATHS = NO;
				CLANG_ANALYZER_NONNULL = YES;
				CLANG_ANALYZER_NUMBER_OBJECT_CONVERSION = YES_AGGRESSIVE;
				CLANG_CXX_LANGUAGE_STANDARD = "gnu++17";
				CLANG_ENABLE_MODULES = YES;
				CLANG_ENABLE_OBJC_ARC = YES;
				CLANG_ENABLE_OBJC_WEAK = YES;
				CLANG_WARN_BLOCK_CAPTURE_AUTORELEASING = YES;
				CLANG_WARN_BOOL_CONVERSION = YES;
				CLANG_WARN_COMMA = YES;
				CLANG_WARN_CONSTANT_CONVERSION = YES;
				CLANG_WARN_DEPRECATED_OBJC_IMPLEMENTATIONS = YES;
				CLANG_WARN_DIRECT_OBJC_ISA_USAGE = YES_ERROR;
				CLANG_WARN_DOCUMENTATION_COMMENTS = YES;
				CLANG_WARN_EMPTY_BODY = YES;
				CLANG_WARN_ENUM_CONVERSION = YES;
				CLANG_WARN_INFINITE_RECURSION = YES;
				CLANG_WARN_INT_CONVERSION = YES;
				CLANG_WARN_NON_LITERAL_NULL_CONVERSION = YES;
				CLANG_WARN_OBJC_IMPLICIT_RETAIN_SELF = YES;
				CLANG_WARN_OBJC_LITERAL_CONVERSION = YES;
				CLANG_WARN_OBJC_ROOT_CLASS = YES_ERROR;
				CLANG_WARN_QUOTED_INCLUDE_IN_FRAMEWORK_HEADER = YES;
				CLANG_WARN_RANGE_LOOP_ANALYSIS = YES;
				CLANG_WARN_STRICT_PROTOTYPES = YES;
				CLANG_WARN_SUSPICIOUS_MOVE = YES;
				CLANG_WARN_UNGUARDED_AVAILABILITY = YES_AGGRESSIVE;
				CLANG_WARN_UNREACHABLE_CODE = YES;
				CLANG_WARN__DUPLICATE_METHOD_MATCH = YES;
				COPY_PHASE_STRIP = NO;
				DEBUG_INFORMATION_FORMAT = dwarf;
				ENABLE_STRICT_OBJC_MSGSEND = YES;
				ENABLE_TESTABILITY = YES;
				GCC_C_LANGUAGE_STANDARD = gnu11;
				GCC_DYNAMIC_NO_PIC = NO;
				GCC_NO_COMMON_BLOCKS = YES;
				GCC_OPTIMIZATION_LEVEL = 0;
				GCC_PREPROCESSOR_DEFINITIONS = (
					"DEBUG=1",
					"$(inherited)",
				);
				GCC_WARN_64_TO_32_BIT_CONVERSION = YES;
				GCC_WARN_ABOUT_RETURN_TYPE = YES_ERROR;
				GCC_WARN_UNDECLARED_SELECTOR = YES;
				GCC_WARN_UNINITIALIZED_AUTOS = YES_AGGRESSIVE;
				GCC_WARN_UNUSED_FUNCTION = YES;
				GCC_WARN_UNUSED_VARIABLE = YES;
				MACOSX_DEPLOYMENT_TARGET = 12.3;
				MTL_ENABLE_DEBUG_INFO = INCLUDE_SOURCE;
				MTL_FAST_MATH = YES;
				ONLY_ACTIVE_ARCH = YES;
				SDKROOT = macosx;
				SWIFT_ACTIVE_COMPILATION_CONDITIONS = DEBUG;
				SWIFT_OPTIMIZATION_LEVEL = "-Onone";
			};
			name = Debug;
		};
		2E161F8E289389600069D748 /* Release */ = {
			isa = XCBuildConfiguration;
			buildSettings = {
				ALWAYS_SEARCH_USER_PATHS = NO;
				CLANG_ANALYZER_NONNULL = YES;
				CLANG_ANALYZER_NUMBER_OBJECT_CONVERSION = YES_AGGRESSIVE;
				CLANG_CXX_LANGUAGE_STANDARD = "gnu++17";
				CLANG_ENABLE_MODULES = YES;
				CLANG_ENABLE_OBJC_ARC = YES;
				CLANG_ENABLE_OBJC_WEAK = YES;
				CLANG_WARN_BLOCK_CAPTURE_AUTORELEASING = YES;
				CLANG_WARN_BOOL_CONVERSION = YES;
				CLANG_WARN_COMMA = YES;
				CLANG_WARN_CONSTANT_CONVERSION = YES;
				CLANG_WARN_DEPRECATED_OBJC_IMPLEMENTATIONS = YES;
				CLANG_WARN_DIRECT_OBJC_ISA_USAGE = YES_ERROR;
				CLANG_WARN_DOCUMENTATION_COMMENTS = YES;
				CLANG_WARN_EMPTY_BODY = YES;
				CLANG_WARN_ENUM_CONVERSION = YES;
				CLANG_WARN_INFINITE_RECURSION = YES;
				CLANG_WARN_INT_CONVERSION = YES;
				CLANG_WARN_NON_LITERAL_NULL_CONVERSION = YES;
				CLANG_WARN_OBJC_IMPLICIT_RETAIN_SELF = YES;
				CLANG_WARN_OBJC_LITERAL_CONVERSION = YES;
				CLANG_WARN_OBJC_ROOT_CLASS = YES_ERROR;
				CLANG_WARN_QUOTED_INCLUDE_IN_FRAMEWORK_HEADER = YES;
				CLANG_WARN_RANGE_LOOP_ANALYSIS = YES;
				CLANG_WARN_STRICT_PROTOTYPES = YES;
				CLANG_WARN_SUSPICIOUS_MOVE = YES;
				CLANG_WARN_UNGUARDED_AVAILABILITY = YES_AGGRESSIVE;
				CLANG_WARN_UNREACHABLE_CODE = YES;
				CLANG_WARN__DUPLICATE_METHOD_MATCH = YES;
				COPY_PHASE_STRIP = NO;
				DEBUG_INFORMATION_FORMAT = "dwarf-with-dsym";
				ENABLE_NS_ASSERTIONS = NO;
				ENABLE_STRICT_OBJC_MSGSEND = YES;
				GCC_C_LANGUAGE_STANDARD = gnu11;
				GCC_NO_COMMON_BLOCKS = YES;
				GCC_WARN_64_TO_32_BIT_CONVERSION = YES;
				GCC_WARN_ABOUT_RETURN_TYPE = YES_ERROR;
				GCC_WARN_UNDECLARED_SELECTOR = YES;
				GCC_WARN_UNINITIALIZED_AUTOS = YES_AGGRESSIVE;
				GCC_WARN_UNUSED_FUNCTION = YES;
				GCC_WARN_UNUSED_VARIABLE = YES;
				MACOSX_DEPLOYMENT_TARGET = 12.3;
				MTL_ENABLE_DEBUG_INFO = NO;
				MTL_FAST_MATH = YES;
				SDKROOT = macosx;
				SWIFT_COMPILATION_MODE = wholemodule;
				SWIFT_OPTIMIZATION_LEVEL = "-O";
			};
			name = Release;
		};
		2E161F90289389600069D748 /* Debug */ = {
			isa = XCBuildConfiguration;
			buildSettings = {
				ASSETCATALOG_COMPILER_APPICON_NAME = AppIcon;
				ASSETCATALOG_COMPILER_GLOBAL_ACCENT_COLOR_NAME = AccentColor;
				CODE_SIGN_ENTITLEMENTS = BeChatted/BeChatted.entitlements;
				CODE_SIGN_STYLE = Automatic;
				COMBINE_HIDPI_IMAGES = YES;
				CURRENT_PROJECT_VERSION = 1;
				DEVELOPMENT_TEAM = 8U849676MP;
				ENABLE_HARDENED_RUNTIME = YES;
				GENERATE_INFOPLIST_FILE = YES;
				INFOPLIST_KEY_NSHumanReadableCopyright = "";
				INFOPLIST_KEY_NSMainStoryboardFile = Main;
				INFOPLIST_KEY_NSPrincipalClass = NSApplication;
				LD_RUNPATH_SEARCH_PATHS = (
					"$(inherited)",
					"@executable_path/../Frameworks",
				);
				MARKETING_VERSION = 1.0;
				PRODUCT_BUNDLE_IDENTIFIER = com.volodymyroniuk.BeChatted;
				PRODUCT_NAME = "$(TARGET_NAME)";
				SWIFT_EMIT_LOC_STRINGS = YES;
				SWIFT_VERSION = 5.0;
			};
			name = Debug;
		};
		2E161F91289389600069D748 /* Release */ = {
			isa = XCBuildConfiguration;
			buildSettings = {
				ASSETCATALOG_COMPILER_APPICON_NAME = AppIcon;
				ASSETCATALOG_COMPILER_GLOBAL_ACCENT_COLOR_NAME = AccentColor;
				CODE_SIGN_ENTITLEMENTS = BeChatted/BeChatted.entitlements;
				CODE_SIGN_STYLE = Automatic;
				COMBINE_HIDPI_IMAGES = YES;
				CURRENT_PROJECT_VERSION = 1;
				DEVELOPMENT_TEAM = 8U849676MP;
				ENABLE_HARDENED_RUNTIME = YES;
				GENERATE_INFOPLIST_FILE = YES;
				INFOPLIST_KEY_NSHumanReadableCopyright = "";
				INFOPLIST_KEY_NSMainStoryboardFile = Main;
				INFOPLIST_KEY_NSPrincipalClass = NSApplication;
				LD_RUNPATH_SEARCH_PATHS = (
					"$(inherited)",
					"@executable_path/../Frameworks",
				);
				MARKETING_VERSION = 1.0;
				PRODUCT_BUNDLE_IDENTIFIER = com.volodymyroniuk.BeChatted;
				PRODUCT_NAME = "$(TARGET_NAME)";
				SWIFT_EMIT_LOC_STRINGS = YES;
				SWIFT_VERSION = 5.0;
			};
			name = Release;
		};
		2E161F93289389600069D748 /* Debug */ = {
			isa = XCBuildConfiguration;
			buildSettings = {
				ALWAYS_EMBED_SWIFT_STANDARD_LIBRARIES = YES;
				BUNDLE_LOADER = "$(TEST_HOST)";
				CODE_SIGN_STYLE = Automatic;
				CURRENT_PROJECT_VERSION = 1;
				DEVELOPMENT_TEAM = 8U849676MP;
				GENERATE_INFOPLIST_FILE = YES;
				MACOSX_DEPLOYMENT_TARGET = 12.3;
				MARKETING_VERSION = 1.0;
				PRODUCT_BUNDLE_IDENTIFIER = com.volodymyroniuk.BeChattedTests;
				PRODUCT_NAME = "$(TARGET_NAME)";
				SWIFT_EMIT_LOC_STRINGS = NO;
				SWIFT_VERSION = 5.0;
				TEST_HOST = "$(BUILT_PRODUCTS_DIR)/BeChatted.app/Contents/MacOS/BeChatted";
			};
			name = Debug;
		};
		2E161F94289389600069D748 /* Release */ = {
			isa = XCBuildConfiguration;
			buildSettings = {
				ALWAYS_EMBED_SWIFT_STANDARD_LIBRARIES = YES;
				BUNDLE_LOADER = "$(TEST_HOST)";
				CODE_SIGN_STYLE = Automatic;
				CURRENT_PROJECT_VERSION = 1;
				DEVELOPMENT_TEAM = 8U849676MP;
				GENERATE_INFOPLIST_FILE = YES;
				MACOSX_DEPLOYMENT_TARGET = 12.3;
				MARKETING_VERSION = 1.0;
				PRODUCT_BUNDLE_IDENTIFIER = com.volodymyroniuk.BeChattedTests;
				PRODUCT_NAME = "$(TARGET_NAME)";
				SWIFT_EMIT_LOC_STRINGS = NO;
				SWIFT_VERSION = 5.0;
				TEST_HOST = "$(BUILT_PRODUCTS_DIR)/BeChatted.app/Contents/MacOS/BeChatted";
			};
			name = Release;
		};
		2E161F96289389600069D748 /* Debug */ = {
			isa = XCBuildConfiguration;
			buildSettings = {
				ALWAYS_EMBED_SWIFT_STANDARD_LIBRARIES = YES;
				CODE_SIGN_STYLE = Automatic;
				CURRENT_PROJECT_VERSION = 1;
				DEVELOPMENT_TEAM = 8U849676MP;
				GENERATE_INFOPLIST_FILE = YES;
				MARKETING_VERSION = 1.0;
				PRODUCT_BUNDLE_IDENTIFIER = com.volodymyroniuk.BeChattedUITests;
				PRODUCT_NAME = "$(TARGET_NAME)";
				SWIFT_EMIT_LOC_STRINGS = NO;
				SWIFT_VERSION = 5.0;
				TEST_TARGET_NAME = BeChatted;
			};
			name = Debug;
		};
		2E161F97289389600069D748 /* Release */ = {
			isa = XCBuildConfiguration;
			buildSettings = {
				ALWAYS_EMBED_SWIFT_STANDARD_LIBRARIES = YES;
				CODE_SIGN_STYLE = Automatic;
				CURRENT_PROJECT_VERSION = 1;
				DEVELOPMENT_TEAM = 8U849676MP;
				GENERATE_INFOPLIST_FILE = YES;
				MARKETING_VERSION = 1.0;
				PRODUCT_BUNDLE_IDENTIFIER = com.volodymyroniuk.BeChattedUITests;
				PRODUCT_NAME = "$(TARGET_NAME)";
				SWIFT_EMIT_LOC_STRINGS = NO;
				SWIFT_VERSION = 5.0;
				TEST_TARGET_NAME = BeChatted;
			};
			name = Release;
		};
/* End XCBuildConfiguration section */

/* Begin XCConfigurationList section */
		2E161F652893895D0069D748 /* Build configuration list for PBXProject "BeChatted" */ = {
			isa = XCConfigurationList;
			buildConfigurations = (
				2E161F8D289389600069D748 /* Debug */,
				2E161F8E289389600069D748 /* Release */,
			);
			defaultConfigurationIsVisible = 0;
			defaultConfigurationName = Release;
		};
		2E161F8F289389600069D748 /* Build configuration list for PBXNativeTarget "BeChatted" */ = {
			isa = XCConfigurationList;
			buildConfigurations = (
				2E161F90289389600069D748 /* Debug */,
				2E161F91289389600069D748 /* Release */,
			);
			defaultConfigurationIsVisible = 0;
			defaultConfigurationName = Release;
		};
		2E161F92289389600069D748 /* Build configuration list for PBXNativeTarget "BeChattedTests" */ = {
			isa = XCConfigurationList;
			buildConfigurations = (
				2E161F93289389600069D748 /* Debug */,
				2E161F94289389600069D748 /* Release */,
			);
			defaultConfigurationIsVisible = 0;
			defaultConfigurationName = Release;
		};
		2E161F95289389600069D748 /* Build configuration list for PBXNativeTarget "BeChattedUITests" */ = {
			isa = XCConfigurationList;
			buildConfigurations = (
				2E161F96289389600069D748 /* Debug */,
				2E161F97289389600069D748 /* Release */,
			);
			defaultConfigurationIsVisible = 0;
			defaultConfigurationName = Release;
		};
/* End XCConfigurationList section */

/* Begin XCRemoteSwiftPackageReference section */
		2E8A96E128DC1D52001845D4 /* XCRemoteSwiftPackageReference "socket" */ = {
			isa = XCRemoteSwiftPackageReference;
			repositoryURL = "https://github.com/socketio/socket.io-client-swift";
			requirement = {
				branch = master;
				kind = branch;
			};
		};
/* End XCRemoteSwiftPackageReference section */

/* Begin XCSwiftPackageProductDependency section */
		2E8A96E228DC1D52001845D4 /* SocketIO */ = {
			isa = XCSwiftPackageProductDependency;
			package = 2E8A96E128DC1D52001845D4 /* XCRemoteSwiftPackageReference "socket" */;
			productName = SocketIO;
		};
/* End XCSwiftPackageProductDependency section */
	};
	rootObject = 2E161F622893895D0069D748 /* Project object */;
}
